<Solution>
	<Configurations>
		<Platform Name="Any CPU" />
		<Platform Name="x64" />
		<Platform Name="x86" />
	</Configurations>
	<Folder Name="/viu/">
		<File Path=".editorconfig" />
		<File Path=".gitignore" />
		<File Path="Directory.Build.props" />
		<File Path="Directory.Build.targets" />
		<File Path="global.json" />
		<File Path="LICENSE" />
		<File Path="nuget.config" />
		<File Path="README.md" />
	</Folder>
	<Folder Name="/viu/.claude/">
		<File Path=".claude/CLAUDE.md" />
		<File Path=".claude/launch.json" />
	</Folder>
	<Folder Name="/viu/.claude/rules/">
		<File Path=".claude/rules/build-system.md" />
		<File Path=".claude/rules/checklist.md" />
		<File Path=".claude/rules/deviations.md" />
		<File Path=".claude/rules/documentation.md" />
		<File Path=".claude/rules/general-rules.md" />
		<File Path=".claude/rules/testing.md" />
		<File Path=".claude/rules/workflow.md" />
	</Folder>
	<Folder Name="/viu/.claude/skills/" />
	<Folder Name="/viu/.claude/skills/viu-work-items/">
		<File Path=".claude/skills/viu-work-items/SKILL.md" />
	</Folder>
	<Folder Name="/viu/.claude/skills/viu-work-items/reference/">
		<File Path=".claude/skills/viu-work-items/reference/project-schema.md" />
	</Folder>
	<Folder Name="/viu/.claude/skills/viu-work-items/scripts/">
		<File Path=".claude/skills/viu-work-items/scripts/New-ViuWorkItem.ps1" />
	</Folder>
	<Folder Name="/viu/.claude/worktrees/" />
	<Folder Name="/viu/.github/">
		<File Path=".github/pull_request_template.md" />
	</Folder>
	<Folder Name="/viu/.github/actions/" />
	<Folder Name="/viu/.github/actions/setup-dotnet-wasm/">
		<File Path=".github/actions/setup-dotnet-wasm/action.yml" />
	</Folder>
	<Folder Name="/viu/.github/ISSUE_TEMPLATE/">
		<File Path=".github/ISSUE_TEMPLATE/config.yml" />
		<File Path=".github/ISSUE_TEMPLATE/feature.yml" />
		<File Path=".github/ISSUE_TEMPLATE/scope-creep.yml" />
		<File Path=".github/ISSUE_TEMPLATE/task.yml" />
	</Folder>
	<Folder Name="/viu/.github/workflows/">
		<File Path=".github/workflows/area-generators.yml" />
		<File Path=".github/workflows/area-packaging.yml" />
		<File Path=".github/workflows/area-reactivity.yml" />
		<File Path=".github/workflows/area-runtimecore.yml" />
		<File Path=".github/workflows/area-runtimedom.yml" />
		<File Path=".github/workflows/area-shared.yml" />
		<File Path=".github/workflows/area-syntax.yml" />
		<File Path=".github/workflows/area-testing.yml" />
		<File Path=".github/workflows/benchmarks.yml" />
		<File Path=".github/workflows/budget-gates.yml" />
		<File Path=".github/workflows/webapp.yml" />
	</Folder>
	<Folder Name="/viu/analyzers/" />
	<Folder Name="/viu/analyzers/Assimalign.Viu.Reactivity.Generators/">
		<File Path="analyzers/Assimalign.Viu.Reactivity.Generators/Assimalign.Viu.Reactivity.Generators.slnx" />
	</Folder>
	<Folder Name="/viu/analyzers/Assimalign.Viu.Reactivity.Generators/src/">
		<Project Path="analyzers/Assimalign.Viu.Reactivity.Generators/src/Assimalign.Viu.Reactivity.Generators.csproj" />
	</Folder>
	<Folder Name="/viu/analyzers/Assimalign.Viu.Reactivity.Generators/test/">
		<Project Path="analyzers/Assimalign.Viu.Reactivity.Generators/test/Assimalign.Viu.Reactivity.Generators.Tests.csproj" />
	</Folder>
	<Folder Name="/viu/analyzers/Assimalign.Viu.Syntax.Generators/">
		<File Path="analyzers/Assimalign.Viu.Syntax.Generators/Assimalign.Viu.Syntax.Generators.slnx" />
		<File Path="analyzers/Assimalign.Viu.Syntax.Generators/build/Assimalign.Viu.Syntax.Generators.props" />
		<File Path="analyzers/Assimalign.Viu.Syntax.Generators/build/Assimalign.Viu.Syntax.Generators.targets" />
	</Folder>
	<Folder Name="/viu/analyzers/Assimalign.Viu.Syntax.Generators/src/">
		<Project Path="analyzers/Assimalign.Viu.Syntax.Generators/src/Assimalign.Viu.Syntax.Generators.csproj" />
	</Folder>
	<Folder Name="/viu/analyzers/Assimalign.Viu.Syntax.Generators/test/">
		<Project Path="analyzers/Assimalign.Viu.Syntax.Generators/test/Assimalign.Viu.Syntax.Generators.Tests.csproj" />
	</Folder>
	<Folder Name="/viu/analyzers/Assimalign.Viu.Tooling.Tasks/" />
	<Folder Name="/viu/analyzers/Assimalign.Viu.Tooling.Tasks/src/">
		<Project Path="analyzers/Assimalign.Viu.Tooling.Tasks/src/Assimalign.Viu.Tooling.Tasks.csproj" />
	</Folder>
	<Folder Name="/viu/build/">
		<File Path="build/Build.props" />
		<File Path="build/Build.targets" />
	</Folder>
	<Folder Name="/viu/build/Targets/">
		<File Path="build/Targets/Build.Branding.props" />
		<File Path="build/Targets/Build.Css.Bundling.targets" />
		<File Path="build/Targets/Build.Global.props" />
		<File Path="build/Targets/Build.References.Analyzers.targets" />
		<File Path="build/Targets/Build.References.Packages.targets" />
		<File Path="build/Targets/Build.References.Projects.targets" />
		<File Path="build/Targets/Build.StaticWebAssets.targets" />
		<File Path="build/Targets/Build.TargetFramework.props" />
		<File Path="build/Targets/Build.Version.props" />
	</Folder>
	<Folder Name="/viu/docs/">
		<File Path="docs/PLAN.md" />
		<File Path="docs/UTILITY-CSS-DESIGN.md" />
	</Folder>
	<Folder Name="/viu/frameworks/">
		<File Path="frameworks/Assimalign.Viu.App.props" />
		<File Path="frameworks/Assimalign.Viu.App.targets" />
		<File Path="frameworks/Directory.Build.props" />
		<File Path="frameworks/Directory.Build.targets" />
	</Folder>
	<Folder Name="/viu/frameworks/Assimalign.Viu.App.Refs/" />
	<Folder Name="/viu/frameworks/Assimalign.Viu.App.Refs/src/">
		<Project Path="frameworks/Assimalign.Viu.App.Refs/src/Assimalign.Viu.App.Refs.csproj" />
	</Folder>
	<Folder Name="/viu/frameworks/Assimalign.Viu.App.Runtime/" />
	<Folder Name="/viu/frameworks/Assimalign.Viu.App.Runtime/src/">
		<Project Path="frameworks/Assimalign.Viu.App.Runtime/src/Assimalign.Viu.App.Runtime.csproj" />
	</Folder>
	<Folder Name="/viu/sdks/">
		<File Path="sdks/Directory.Build.props" />
		<File Path="sdks/Directory.Build.targets" />
		<File Path="sdks/README.md" />
	</Folder>
	<Folder Name="/viu/sdks/Assimalign.Viu.Sdk/">
		<File Path="sdks/Assimalign.Viu.Sdk/Sdk/Sdk.props" />
		<File Path="sdks/Assimalign.Viu.Sdk/Sdk/Sdk.targets" />
		<File Path="sdks/Assimalign.Viu.Sdk/Targets/Assimalign.Viu.Sdk.Common.props" />
		<File Path="sdks/Assimalign.Viu.Sdk/Targets/Assimalign.Viu.Sdk.FrameworkReference.props" />
		<File Path="sdks/Assimalign.Viu.Sdk/Targets/Assimalign.Viu.Sdk.StaticWebAssets.targets" />
	</Folder>
	<Folder Name="/viu/sdks/Assimalign.Viu.Sdk/Tasks/">
		<Project Path="sdks/Assimalign.Viu.Sdk/Tasks/Assimalign.Viu.Sdk.Tasks.csproj" />
	</Folder>
	<Folder Name="/viu/benchmarks/Assimalign.Viu.Testing.Benchmarks/">
		<Project Path="benchmarks/Assimalign.Viu.Testing.Benchmarks/Assimalign.Viu.Testing.Benchmarks.csproj" />
	</Folder>
	<Folder Name="/viu/benchmarks/Assimalign.Viu.Testing.Benchmarks.Tests/">
		<Project Path="benchmarks/Assimalign.Viu.Testing.Benchmarks.Tests/Assimalign.Viu.Testing.Benchmarks.Tests.csproj" />
	</Folder>
	<Folder Name="/viu/benchmarks/baselines/">
		<File Path="benchmarks/baselines/InteropCounts.json" />
	</Folder>
	<Folder Name="/viu/scripts/">
		<File Path="scripts/Install-Local.ps1" />
		<File Path="scripts/Measure-PublishBudget.ps1" />
	</Folder>
	<Folder Name="/viu/scripts/budgets/">
		<File Path="scripts/budgets/PublishBudgets.json" />
	</Folder>
	<Folder Name="/viu/scripts/tests/Assimalign.Viu.PublishBudget.Tests/">
		<Project Path="scripts/tests/Assimalign.Viu.PublishBudget.Tests/Assimalign.Viu.PublishBudget.Tests.csproj" />
	</Folder>
	<Folder Name="/viu/examples/">
		<File Path="examples/Directory.Build.props" />
	</Folder>
	<Folder Name="/viu/examples/Assimalign.Viu.WebApp/">
		<Project Path="examples/Assimalign.Viu.WebApp/Assimalign.Viu.WebApp.csproj" />
	</Folder>
	<Folder Name="/viu/examples/Assimalign.Viu.TodoMvc/">
		<Project Path="examples/Assimalign.Viu.TodoMvc/Assimalign.Viu.TodoMvc.csproj" />
	</Folder>
	<Folder Name="/viu/examples/Assimalign.Viu.TodoMvc.Tests/">
		<Project Path="examples/Assimalign.Viu.TodoMvc.Tests/Assimalign.Viu.TodoMvc.Tests.csproj" />
	</Folder>
	<Folder Name="/viu/examples/Assimalign.Viu.Forms/">
		<Project Path="examples/Assimalign.Viu.Forms/Assimalign.Viu.Forms.csproj" />
	</Folder>
	<Folder Name="/viu/examples/Assimalign.Viu.Forms.Tests/">
		<Project Path="examples/Assimalign.Viu.Forms.Tests/Assimalign.Viu.Forms.Tests.csproj" />
	</Folder>
	<Folder Name="/viu/examples/Assimalign.Viu.HackerNews/">
		<Project Path="examples/Assimalign.Viu.HackerNews/Assimalign.Viu.HackerNews.csproj" />
	</Folder>
	<Folder Name="/viu/examples/Assimalign.Viu.HackerNews.Tests/">
		<Project Path="examples/Assimalign.Viu.HackerNews.Tests/Assimalign.Viu.HackerNews.Tests.csproj" />
	</Folder>
	<Folder Name="/viu/libraries/">
		<File Path="libraries/Directory.Build.props" />
		<File Path="libraries/Directory.Build.targets" />
	</Folder>
	<Folder Name="/viu/libraries/Assimalign.Viu.Syntax/">
		<File Path="libraries/Assimalign.Viu.Syntax/Assimalign.Viu.Syntax.slnx" />
	</Folder>
	<Folder Name="/viu/libraries/Assimalign.Viu.Syntax/docs/">
		<File Path="libraries/Assimalign.Viu.Syntax/docs/DESIGN.md" />
		<File Path="libraries/Assimalign.Viu.Syntax/docs/OVERVIEW.md" />
	</Folder>
	<Folder Name="/viu/libraries/Assimalign.Viu.Syntax/src/">
		<Project Path="libraries/Assimalign.Viu.Syntax/src/Assimalign.Viu.Syntax.csproj" />
	</Folder>
	<Folder Name="/viu/libraries/Assimalign.Viu.Syntax/test/">
		<Project Path="libraries/Assimalign.Viu.Syntax/test/Assimalign.Viu.Syntax.Tests.csproj" />
	</Folder>
	<Folder Name="/viu/libraries/Assimalign.Viu.Syntax.Css/" />
	<Folder Name="/viu/libraries/Assimalign.Viu.Syntax.Css/src/">
		<Project Path="libraries/Assimalign.Viu.Syntax.Css/src/Assimalign.Viu.Syntax.Css.csproj" />
	</Folder>
	<Folder Name="/viu/libraries/Assimalign.Viu.Syntax.Css/test/">
		<Project Path="libraries/Assimalign.Viu.Syntax.Css/test/Assimalign.Viu.Syntax.Css.Tests.csproj" />
	</Folder>
	<Folder Name="/viu/libraries/Assimalign.Viu.Syntax.Html/" />
	<Folder Name="/viu/libraries/Assimalign.Viu.Syntax.Html/src/">
		<Project Path="libraries/Assimalign.Viu.Syntax.Html/src/Assimalign.Viu.Syntax.Html.csproj" />
	</Folder>
	<Folder Name="/viu/libraries/Assimalign.Viu.Syntax.Html/test/">
		<Project Path="libraries/Assimalign.Viu.Syntax.Html/test/Assimalign.Viu.Syntax.Html.Tests.csproj" />
	</Folder>
	<Folder Name="/viu/libraries/Assimalign.Viu.Syntax.JavaScript/" />
	<Folder Name="/viu/libraries/Assimalign.Viu.Syntax.JavaScript/src/">
		<Project Path="libraries/Assimalign.Viu.Syntax.JavaScript/src/Assimalign.Viu.Syntax.JavaScript.csproj" />
	</Folder>
	<Folder Name="/viu/libraries/Assimalign.Viu.Syntax.JavaScript/test/">
		<Project Path="libraries/Assimalign.Viu.Syntax.JavaScript/test/Assimalign.Viu.Syntax.JavaScript.Tests.csproj" />
	</Folder>
	<Folder Name="/viu/libraries/Assimalign.Viu.Syntax.Templates/" />
	<Folder Name="/viu/libraries/Assimalign.Viu.Syntax.Templates/src/">
		<Project Path="libraries/Assimalign.Viu.Syntax.Templates/src/Assimalign.Viu.Syntax.Templates.csproj" />
	</Folder>
	<Folder Name="/viu/libraries/Assimalign.Viu.Syntax.Templates/test/">
		<Project Path="libraries/Assimalign.Viu.Syntax.Templates/test/Assimalign.Viu.Syntax.Templates.Tests.csproj" />
	</Folder>
	<Folder Name="/viu/libraries/Assimalign.Viu.Syntax.Templates/tools/">
		<File Path="libraries/Assimalign.Viu.Syntax.Templates/tools/Generate-HtmlEntities.ps1" />
		<File Path="libraries/Assimalign.Viu.Syntax.Templates/tools/README.md" />
	</Folder>
	<Folder Name="/viu/libraries/Assimalign.Viu.Syntax.SingleFileComponent/" />
	<Folder Name="/viu/libraries/Assimalign.Viu.Syntax.SingleFileComponent/docs/">
		<File Path="libraries/Assimalign.Viu.Syntax.SingleFileComponent/docs/FORMAT.md" />
	</Folder>
	<Folder Name="/viu/libraries/Assimalign.Viu.Syntax.SingleFileComponent/src/">
		<Project Path="libraries/Assimalign.Viu.Syntax.SingleFileComponent/src/Assimalign.Viu.Syntax.SingleFileComponent.csproj" />
	</Folder>
	<Folder Name="/viu/libraries/Assimalign.Viu.Syntax.SingleFileComponent/test/">
		<Project Path="libraries/Assimalign.Viu.Syntax.SingleFileComponent/test/Assimalign.Viu.Syntax.SingleFileComponent.Tests.csproj" />
	</Folder>
	<Folder Name="/viu/libraries/Assimalign.Viu.Tooling.Css/" />
	<Folder Name="/viu/libraries/Assimalign.Viu.Tooling.Css/docs/">
		<File Path="libraries/Assimalign.Viu.Tooling.Css/docs/DESIGN.md" />
	</Folder>
	<Folder Name="/viu/libraries/Assimalign.Viu.Tooling.Css/src/">
		<Project Path="libraries/Assimalign.Viu.Tooling.Css/src/Assimalign.Viu.Tooling.Css.csproj" />
	</Folder>
	<Folder Name="/viu/libraries/Assimalign.Viu.Tooling.Css/test/">
		<Project Path="libraries/Assimalign.Viu.Tooling.Css/test/Assimalign.Viu.Tooling.Css.Tests.csproj" />
	</Folder>
	<Folder Name="/viu/libraries/Assimalign.Viu.Router/" />
	<Folder Name="/viu/libraries/Assimalign.Viu.Router/docs/">
		<File Path="libraries/Assimalign.Viu.Router/docs/DESIGN.md" />
		<File Path="libraries/Assimalign.Viu.Router/docs/OVERVIEW.md" />
	</Folder>
	<Folder Name="/viu/libraries/Assimalign.Viu.Router/src/">
		<Project Path="libraries/Assimalign.Viu.Router/src/Assimalign.Viu.Router.csproj" />
	</Folder>
	<Folder Name="/viu/libraries/Assimalign.Viu.Router/test/">
		<Project Path="libraries/Assimalign.Viu.Router/test/Assimalign.Viu.Router.Tests.csproj" />
	</Folder>
	<Folder Name="/viu/libraries/Assimalign.Viu.Router.RuntimeDom/" />
	<Folder Name="/viu/libraries/Assimalign.Viu.Router.RuntimeDom/docs/">
		<File Path="libraries/Assimalign.Viu.Router.RuntimeDom/docs/DESIGN.md" />
		<File Path="libraries/Assimalign.Viu.Router.RuntimeDom/docs/OVERVIEW.md" />
	</Folder>
	<Folder Name="/viu/libraries/Assimalign.Viu.Router.RuntimeDom/src/">
		<Project Path="libraries/Assimalign.Viu.Router.RuntimeDom/src/Assimalign.Viu.Router.RuntimeDom.csproj" />
	</Folder>
	<Folder Name="/viu/libraries/Assimalign.Viu.Router.RuntimeDom/test/">
		<Project Path="libraries/Assimalign.Viu.Router.RuntimeDom/test/Assimalign.Viu.Router.RuntimeDom.Tests.csproj" />
	</Folder>
	<Folder Name="/viu/libraries/Assimalign.Viu.RuntimeCore/" />
	<Folder Name="/viu/libraries/Assimalign.Viu.RuntimeCore/src/">
		<Project Path="libraries/Assimalign.Viu.RuntimeCore/src/Assimalign.Viu.RuntimeCore.csproj" />
	</Folder>
	<Folder Name="/viu/libraries/Assimalign.Viu.RuntimeCore/test/">
		<Project Path="libraries/Assimalign.Viu.RuntimeCore/test/Assimalign.Viu.RuntimeCore.CompiledRenderTests/Assimalign.Viu.RuntimeCore.CompiledRenderTests.csproj" />
		<Project Path="libraries/Assimalign.Viu.RuntimeCore/test/Assimalign.Viu.RuntimeCore.Tests.csproj" />
	</Folder>
	<Folder Name="/viu/libraries/Assimalign.Viu.RuntimeDom/" />
	<Folder Name="/viu/libraries/Assimalign.Viu.RuntimeDom/docs/">
		<File Path="libraries/Assimalign.Viu.RuntimeDom/docs/ADR-0001-interop-marshaling.md" />
		<File Path="libraries/Assimalign.Viu.RuntimeDom/docs/DESIGN.md" />
		<File Path="libraries/Assimalign.Viu.RuntimeDom/docs/OVERVIEW.md" />
	</Folder>
	<Folder Name="/viu/libraries/Assimalign.Viu.RuntimeDom/src/">
		<Project Path="libraries/Assimalign.Viu.RuntimeDom/src/Assimalign.Viu.RuntimeDom.csproj" />
	</Folder>
	<Folder Name="/viu/libraries/Assimalign.Viu.RuntimeDom/test/">
		<Project Path="libraries/Assimalign.Viu.RuntimeDom/test/Assimalign.Viu.RuntimeDom.CompiledRenderTests/Assimalign.Viu.RuntimeDom.CompiledRenderTests.csproj" />
		<Project Path="libraries/Assimalign.Viu.RuntimeDom/test/Assimalign.Viu.RuntimeDom.Tests.csproj" />
	</Folder>
	<Folder Name="/viu/libraries/Assimalign.Viu.ServerRenderer/" />
	<Folder Name="/viu/libraries/Assimalign.Viu.ServerRenderer/docs/">
		<File Path="libraries/Assimalign.Viu.ServerRenderer/docs/DESIGN.md" />
		<File Path="libraries/Assimalign.Viu.ServerRenderer/docs/OVERVIEW.md" />
	</Folder>
	<Folder Name="/viu/libraries/Assimalign.Viu.ServerRenderer/src/">
		<Project Path="libraries/Assimalign.Viu.ServerRenderer/src/Assimalign.Viu.ServerRenderer.csproj" />
	</Folder>
	<Folder Name="/viu/libraries/Assimalign.Viu.ServerRenderer/test/">
		<Project Path="libraries/Assimalign.Viu.ServerRenderer/test/Assimalign.Viu.ServerRenderer.Tests.csproj" />
	</Folder>
	<Folder Name="/viu/libraries/Assimalign.Viu.Shared/" />
	<Folder Name="/viu/libraries/Assimalign.Viu.Shared/src/">
		<Project Path="libraries/Assimalign.Viu.Shared/src/Assimalign.Viu.Shared.csproj" />
	</Folder>
	<Folder Name="/viu/libraries/Assimalign.Viu.Shared/test/">
		<Project Path="libraries/Assimalign.Viu.Shared/test/Assimalign.Viu.Shared.GeneratorFixture/Assimalign.Viu.Shared.GeneratorFixture.csproj" />
		<Project Path="libraries/Assimalign.Viu.Shared/test/Assimalign.Viu.Shared.Tests.csproj" />
	</Folder>
	<Folder Name="/viu/libraries/Assimalign.Viu.Store/" />
	<Folder Name="/viu/libraries/Assimalign.Viu.Store/docs/">
		<File Path="libraries/Assimalign.Viu.Store/docs/DESIGN.md" />
		<File Path="libraries/Assimalign.Viu.Store/docs/OVERVIEW.md" />
	</Folder>
	<Folder Name="/viu/libraries/Assimalign.Viu.Store/src/">
		<Project Path="libraries/Assimalign.Viu.Store/src/Assimalign.Viu.Store.csproj" />
	</Folder>
	<Folder Name="/viu/libraries/Assimalign.Viu.Store/test/">
		<Project Path="libraries/Assimalign.Viu.Store/test/Assimalign.Viu.Store.Tests.csproj" />
	</Folder>
	<Folder Name="/viu/libraries/Assimalign.Viu.Testing/" />
	<Folder Name="/viu/libraries/Assimalign.Viu.Testing/src/">
		<Project Path="libraries/Assimalign.Viu.Testing/src/Assimalign.Viu.Testing.csproj" />
	</Folder>
	<Folder Name="/viu/libraries/Assimalign.Viu.Testing/test/">
		<Project Path="libraries/Assimalign.Viu.Testing/test/Assimalign.Viu.Testing.Tests.csproj" />
	</Folder>
</Solution>
