<Solution>
	<Configurations>
		<Platform Name="Any CPU" />
		<Platform Name="x64" />
		<Platform Name="x86" />
	</Configurations>
	<Folder Name="/vuecs/">
		<File Path=".editorconfig" />
		<File Path=".gitignore" />
		<File Path="Directory.Build.props" />
		<File Path="Directory.Build.targets" />
		<File Path="global.json" />
		<File Path="LICENSE" />
		<File Path="nuget.config" />
		<File Path="README.md" />
	</Folder>
	<Folder Name="/vuecs/.claude/">
		<File Path=".claude/CLAUDE.md" />
		<File Path=".claude/launch.json" />
	</Folder>
	<Folder Name="/vuecs/.claude/rules/">
		<File Path=".claude/rules/build-system.md" />
		<File Path=".claude/rules/checklist.md" />
		<File Path=".claude/rules/deviations.md" />
		<File Path=".claude/rules/documentation.md" />
		<File Path=".claude/rules/general-rules.md" />
		<File Path=".claude/rules/testing.md" />
		<File Path=".claude/rules/workflow.md" />
	</Folder>
	<Folder Name="/vuecs/.claude/skills/" />
	<Folder Name="/vuecs/.claude/skills/vuecs-work-items/">
		<File Path=".claude/skills/vuecs-work-items/SKILL.md" />
	</Folder>
	<Folder Name="/vuecs/.claude/skills/vuecs-work-items/reference/">
		<File Path=".claude/skills/vuecs-work-items/reference/project-schema.md" />
	</Folder>
	<Folder Name="/vuecs/.claude/skills/vuecs-work-items/scripts/">
		<File Path=".claude/skills/vuecs-work-items/scripts/New-VuecsWorkItem.ps1" />
	</Folder>
	<Folder Name="/vuecs/.claude/worktrees/" />
	<Folder Name="/vuecs/.github/">
		<File Path=".github/pull_request_template.md" />
	</Folder>
	<Folder Name="/vuecs/.github/actions/" />
	<Folder Name="/vuecs/.github/actions/setup-dotnet-wasm/">
		<File Path=".github/actions/setup-dotnet-wasm/action.yml" />
	</Folder>
	<Folder Name="/vuecs/.github/ISSUE_TEMPLATE/">
		<File Path=".github/ISSUE_TEMPLATE/config.yml" />
		<File Path=".github/ISSUE_TEMPLATE/feature.yml" />
		<File Path=".github/ISSUE_TEMPLATE/scope-creep.yml" />
		<File Path=".github/ISSUE_TEMPLATE/task.yml" />
	</Folder>
	<Folder Name="/vuecs/.github/workflows/">
		<File Path=".github/workflows/area-generators.yml" />
		<File Path=".github/workflows/area-reactivity.yml" />
		<File Path=".github/workflows/area-runtimecore.yml" />
		<File Path=".github/workflows/area-runtimedom.yml" />
		<File Path=".github/workflows/area-shared.yml" />
		<File Path=".github/workflows/area-syntax.yml" />
		<File Path=".github/workflows/area-testing.yml" />
		<File Path=".github/workflows/webapp.yml" />
	</Folder>
	<Folder Name="/vuecs/analyzers/" />
	<Folder Name="/vuecs/analyzers/Assimalign.Vue.Reactivity.Generators/">
		<File Path="analyzers/Assimalign.Vue.Reactivity.Generators/Assimalign.Vue.Reactivity.Generators.slnx" />
	</Folder>
	<Folder Name="/vuecs/analyzers/Assimalign.Vue.Reactivity.Generators/src/">
		<Project Path="analyzers/Assimalign.Vue.Reactivity.Generators/src/Assimalign.Vue.Reactivity.Generators.csproj" />
	</Folder>
	<Folder Name="/vuecs/analyzers/Assimalign.Vue.Reactivity.Generators/test/">
		<Project Path="analyzers/Assimalign.Vue.Reactivity.Generators/test/Assimalign.Vue.Reactivity.Generators.Tests.csproj" />
	</Folder>
	<Folder Name="/vuecs/analyzers/Assimalign.Vue.Syntax.Generators/">
		<File Path="analyzers/Assimalign.Vue.Syntax.Generators/Assimalign.Vue.Syntax.Generators.slnx" />
		<File Path="analyzers/Assimalign.Vue.Syntax.Generators/build/Assimalign.Vue.Syntax.Generators.props" />
		<File Path="analyzers/Assimalign.Vue.Syntax.Generators/build/Assimalign.Vue.Syntax.Generators.targets" />
	</Folder>
	<Folder Name="/vuecs/analyzers/Assimalign.Vue.Syntax.Generators/src/">
		<Project Path="analyzers/Assimalign.Vue.Syntax.Generators/src/Assimalign.Vue.Syntax.Generators.csproj" />
	</Folder>
	<Folder Name="/vuecs/analyzers/Assimalign.Vue.Syntax.Generators/test/">
		<Project Path="analyzers/Assimalign.Vue.Syntax.Generators/test/Assimalign.Vue.Syntax.Generators.Tests.csproj" />
	</Folder>
	<Folder Name="/vuecs/analyzers/Assimalign.Vue.Tooling.Tasks/" />
	<Folder Name="/vuecs/analyzers/Assimalign.Vue.Tooling.Tasks/src/">
		<Project Path="analyzers/Assimalign.Vue.Tooling.Tasks/src/Assimalign.Vue.Tooling.Tasks.csproj" />
	</Folder>
	<Folder Name="/vuecs/build/">
		<File Path="build/Build.props" />
		<File Path="build/Build.targets" />
	</Folder>
	<Folder Name="/vuecs/build/Targets/">
		<File Path="build/Targets/Build.Branding.props" />
		<File Path="build/Targets/Build.Css.Bundling.targets" />
		<File Path="build/Targets/Build.Global.props" />
		<File Path="build/Targets/Build.References.Analyzers.targets" />
		<File Path="build/Targets/Build.References.Packages.targets" />
		<File Path="build/Targets/Build.References.Projects.targets" />
		<File Path="build/Targets/Build.StaticWebAssets.targets" />
		<File Path="build/Targets/Build.TargetFramework.props" />
		<File Path="build/Targets/Build.Version.props" />
	</Folder>
	<Folder Name="/vuecs/docs/">
		<File Path="docs/PLAN.md" />
	</Folder>
	<Folder Name="/vuecs/examples/" />
	<Folder Name="/vuecs/examples/Assimalign.Vue.WebApp/">
		<Project Path="examples/Assimalign.Vue.WebApp/Assimalign.Vue.WebApp.csproj" />
	</Folder>
	<Folder Name="/vuecs/libraries/">
		<File Path="libraries/Directory.Build.props" />
		<File Path="libraries/Directory.Build.targets" />
	</Folder>
	<Folder Name="/vuecs/libraries/Assimalign.Vue.Syntax/">
		<File Path="libraries/Assimalign.Vue.Syntax/Assimalign.Vue.Syntax.slnx" />
	</Folder>
	<Folder Name="/vuecs/libraries/Assimalign.Vue.Syntax/docs/">
		<File Path="libraries/Assimalign.Vue.Syntax/docs/DESIGN.md" />
		<File Path="libraries/Assimalign.Vue.Syntax/docs/OVERVIEW.md" />
	</Folder>
	<Folder Name="/vuecs/libraries/Assimalign.Vue.Syntax/src/">
		<Project Path="libraries/Assimalign.Vue.Syntax/src/Assimalign.Vue.Syntax.csproj" />
	</Folder>
	<Folder Name="/vuecs/libraries/Assimalign.Vue.Syntax/test/">
		<Project Path="libraries/Assimalign.Vue.Syntax/test/Assimalign.Vue.Syntax.Tests.csproj" />
	</Folder>
	<Folder Name="/vuecs/libraries/Assimalign.Vue.Syntax.Css/" />
	<Folder Name="/vuecs/libraries/Assimalign.Vue.Syntax.Css/src/">
		<Project Path="libraries/Assimalign.Vue.Syntax.Css/src/Assimalign.Vue.Syntax.Css.csproj" />
	</Folder>
	<Folder Name="/vuecs/libraries/Assimalign.Vue.Syntax.Css/test/">
		<Project Path="libraries/Assimalign.Vue.Syntax.Css/test/Assimalign.Vue.Syntax.Css.Tests.csproj" />
	</Folder>
	<Folder Name="/vuecs/libraries/Assimalign.Vue.Syntax.Html/" />
	<Folder Name="/vuecs/libraries/Assimalign.Vue.Syntax.Html/src/">
		<Project Path="libraries/Assimalign.Vue.Syntax.Html/src/Assimalign.Vue.Syntax.Html.csproj" />
	</Folder>
	<Folder Name="/vuecs/libraries/Assimalign.Vue.Syntax.Html/test/">
		<Project Path="libraries/Assimalign.Vue.Syntax.Html/test/Assimalign.Vue.Syntax.Html.Tests.csproj" />
	</Folder>
	<Folder Name="/vuecs/libraries/Assimalign.Vue.Syntax.JavaScript/" />
	<Folder Name="/vuecs/libraries/Assimalign.Vue.Syntax.JavaScript/src/">
		<Project Path="libraries/Assimalign.Vue.Syntax.JavaScript/src/Assimalign.Vue.Syntax.JavaScript.csproj" />
	</Folder>
	<Folder Name="/vuecs/libraries/Assimalign.Vue.Syntax.JavaScript/test/">
		<Project Path="libraries/Assimalign.Vue.Syntax.JavaScript/test/Assimalign.Vue.Syntax.JavaScript.Tests.csproj" />
	</Folder>
	<Folder Name="/vuecs/libraries/Assimalign.Vue.Syntax.Templates/" />
	<Folder Name="/vuecs/libraries/Assimalign.Vue.Syntax.Templates/src/">
		<Project Path="libraries/Assimalign.Vue.Syntax.Templates/src/Assimalign.Vue.Syntax.Templates.csproj" />
	</Folder>
	<Folder Name="/vuecs/libraries/Assimalign.Vue.Syntax.Templates/test/">
		<Project Path="libraries/Assimalign.Vue.Syntax.Templates/test/Assimalign.Vue.Syntax.Templates.Tests.csproj" />
	</Folder>
	<Folder Name="/vuecs/libraries/Assimalign.Vue.Syntax.Templates/tools/">
		<File Path="libraries/Assimalign.Vue.Syntax.Templates/tools/Generate-HtmlEntities.ps1" />
		<File Path="libraries/Assimalign.Vue.Syntax.Templates/tools/README.md" />
	</Folder>
	<Folder Name="/vuecs/libraries/Assimalign.Vue.Syntax.SingleFileComponent/" />
	<Folder Name="/vuecs/libraries/Assimalign.Vue.Syntax.SingleFileComponent/docs/">
		<File Path="libraries/Assimalign.Vue.Syntax.SingleFileComponent/docs/FORMAT.md" />
	</Folder>
	<Folder Name="/vuecs/libraries/Assimalign.Vue.Syntax.SingleFileComponent/src/">
		<Project Path="libraries/Assimalign.Vue.Syntax.SingleFileComponent/src/Assimalign.Vue.Syntax.SingleFileComponent.csproj" />
	</Folder>
	<Folder Name="/vuecs/libraries/Assimalign.Vue.Syntax.SingleFileComponent/test/">
		<Project Path="libraries/Assimalign.Vue.Syntax.SingleFileComponent/test/Assimalign.Vue.Syntax.SingleFileComponent.Tests.csproj" />
	</Folder>
	<Folder Name="/vuecs/libraries/Assimalign.Vue.Tooling.Css/" />
	<Folder Name="/vuecs/libraries/Assimalign.Vue.Tooling.Css/docs/">
		<File Path="libraries/Assimalign.Vue.Tooling.Css/docs/DESIGN.md" />
	</Folder>
	<Folder Name="/vuecs/libraries/Assimalign.Vue.Tooling.Css/src/">
		<Project Path="libraries/Assimalign.Vue.Tooling.Css/src/Assimalign.Vue.Tooling.Css.csproj" />
	</Folder>
	<Folder Name="/vuecs/libraries/Assimalign.Vue.Tooling.Css/test/">
		<Project Path="libraries/Assimalign.Vue.Tooling.Css/test/Assimalign.Vue.Tooling.Css.Tests.csproj" />
	</Folder>
	<Folder Name="/vuecs/libraries/Assimalign.Vue.Reactivity/" />
	<Folder Name="/vuecs/libraries/Assimalign.Vue.Reactivity/src/">
		<Project Path="libraries/Assimalign.Vue.Reactivity/src/Assimalign.Vue.Reactivity.csproj" />
	</Folder>
	<Folder Name="/vuecs/libraries/Assimalign.Vue.Reactivity/test/">
		<Project Path="libraries/Assimalign.Vue.Reactivity/test/Assimalign.Vue.Reactivity.Tests.csproj" />
	</Folder>
	<Folder Name="/vuecs/libraries/Assimalign.Vue.RuntimeCore/" />
	<Folder Name="/vuecs/libraries/Assimalign.Vue.RuntimeCore/src/">
		<Project Path="libraries/Assimalign.Vue.RuntimeCore/src/Assimalign.Vue.RuntimeCore.csproj" />
	</Folder>
	<Folder Name="/vuecs/libraries/Assimalign.Vue.RuntimeCore/test/">
		<Project Path="libraries/Assimalign.Vue.RuntimeCore/test/Assimalign.Vue.RuntimeCore.CompiledRenderTests/Assimalign.Vue.RuntimeCore.CompiledRenderTests.csproj" />
		<Project Path="libraries/Assimalign.Vue.RuntimeCore/test/Assimalign.Vue.RuntimeCore.Tests.csproj" />
	</Folder>
	<Folder Name="/vuecs/libraries/Assimalign.Vue.RuntimeDom/" />
	<Folder Name="/vuecs/libraries/Assimalign.Vue.RuntimeDom/docs/">
		<File Path="libraries/Assimalign.Vue.RuntimeDom/docs/ADR-0001-interop-marshaling.md" />
		<File Path="libraries/Assimalign.Vue.RuntimeDom/docs/DESIGN.md" />
		<File Path="libraries/Assimalign.Vue.RuntimeDom/docs/OVERVIEW.md" />
	</Folder>
	<Folder Name="/vuecs/libraries/Assimalign.Vue.RuntimeDom/src/">
		<Project Path="libraries/Assimalign.Vue.RuntimeDom/src/Assimalign.Vue.RuntimeDom.csproj" />
	</Folder>
	<Folder Name="/vuecs/libraries/Assimalign.Vue.RuntimeDom/test/">
		<Project Path="libraries/Assimalign.Vue.RuntimeDom/test/Assimalign.Vue.RuntimeDom.CompiledRenderTests/Assimalign.Vue.RuntimeDom.CompiledRenderTests.csproj" />
		<Project Path="libraries/Assimalign.Vue.RuntimeDom/test/Assimalign.Vue.RuntimeDom.Tests.csproj" />
	</Folder>
	<Folder Name="/vuecs/libraries/Assimalign.Vue.Shared/" />
	<Folder Name="/vuecs/libraries/Assimalign.Vue.Shared/src/">
		<Project Path="libraries/Assimalign.Vue.Shared/src/Assimalign.Vue.Shared.csproj" />
	</Folder>
	<Folder Name="/vuecs/libraries/Assimalign.Vue.Shared/test/">
		<Project Path="libraries/Assimalign.Vue.Shared/test/Assimalign.Vue.Shared.GeneratorFixture/Assimalign.Vue.Shared.GeneratorFixture.csproj" />
		<Project Path="libraries/Assimalign.Vue.Shared/test/Assimalign.Vue.Shared.Tests.csproj" />
	</Folder>
	<Folder Name="/vuecs/libraries/Assimalign.Vue.Testing/" />
	<Folder Name="/vuecs/libraries/Assimalign.Vue.Testing/src/">
		<Project Path="libraries/Assimalign.Vue.Testing/src/Assimalign.Vue.Testing.csproj" />
	</Folder>
	<Folder Name="/vuecs/libraries/Assimalign.Vue.Testing/test/">
		<Project Path="libraries/Assimalign.Vue.Testing/test/Assimalign.Vue.Testing.Tests.csproj" />
	</Folder>
</Solution>
