<Solution>
  <Folder Name="/libraries/Assimalign.Viu.Components/src/">
    <Project Path="libraries/Assimalign.Viu.Components/src/Assimalign.Viu.Components.csproj" />
  </Folder>
  <Folder Name="/libraries/Assimalign.Viu.Components/test/">
    <Project Path="libraries/Assimalign.Viu.Components/test/Assimalign.Viu.Components.Tests.csproj" />
  </Folder>
  <Folder Name="/libraries/Assimalign.Viu.Reactivity/src/">
    <Project Path="libraries/Assimalign.Viu.Reactivity/src/Assimalign.Viu.Reactivity.csproj" />
  </Folder>
  <Folder Name="/libraries/Assimalign.Viu.Reactivity/test/">
    <Project Path="libraries/Assimalign.Viu.Reactivity/test/Assimalign.Viu.Reactivity.Tests.csproj" />
  </Folder>
  <Folder Name="/libraries/Assimalign.Viu.Router/src/">
    <Project Path="libraries/Assimalign.Viu.Router/src/Assimalign.Viu.Router.csproj" />
  </Folder>
  <Folder Name="/libraries/Assimalign.Viu.Router/test/">
    <Project Path="libraries/Assimalign.Viu.Router/test/Assimalign.Viu.Router.Tests.csproj" />
  </Folder>
  <Folder Name="/libraries/Assimalign.Viu.State/src/">
    <Project Path="libraries/Assimalign.Viu.State/src/Assimalign.Viu.State.csproj" />
  </Folder>
  <Folder Name="/libraries/Assimalign.Viu.State/test/">
    <Project Path="libraries/Assimalign.Viu.State/test/Assimalign.Viu.State.Tests.csproj" />
  </Folder>
  <Folder Name="/libraries/Assimalign.Viu.Core/src/">
    <Project Path="libraries/Assimalign.Viu.Core/src/Assimalign.Viu.Core.csproj" />
  </Folder>
  <Folder Name="/libraries/Assimalign.Viu.Core/test/">
    <Project Path="libraries/Assimalign.Viu.Core/test/Assimalign.Viu.Core.Tests.csproj" />
  </Folder>
  <Folder Name="/libraries/Assimalign.Viu.Browser/src/">
    <Project Path="libraries/Assimalign.Viu.Browser/src/Assimalign.Viu.Browser.csproj" />
  </Folder>
  <Folder Name="/libraries/Assimalign.Viu.Browser/test/">
    <Project Path="libraries/Assimalign.Viu.Browser/test/Assimalign.Viu.Browser.Tests.csproj" />
  </Folder>
  <Folder Name="/libraries/Assimalign.Viu.Browser.Router/src/">
    <Project Path="libraries/Assimalign.Viu.Browser.Router/src/Assimalign.Viu.Browser.Router.csproj" />
  </Folder>
  <Folder Name="/libraries/Assimalign.Viu.Browser.Router/test/">
    <Project Path="libraries/Assimalign.Viu.Browser.Router/test/Assimalign.Viu.Browser.Router.Tests.csproj" />
  </Folder>
  <Folder Name="/libraries/Assimalign.Viu.ServerRenderer/src/">
    <Project Path="libraries/Assimalign.Viu.ServerRenderer/src/Assimalign.Viu.ServerRenderer.csproj" />
  </Folder>
  <Folder Name="/libraries/Assimalign.Viu.ServerRenderer/test/">
    <Project Path="libraries/Assimalign.Viu.ServerRenderer/test/Assimalign.Viu.ServerRenderer.Tests.csproj" />
  </Folder>
  <Folder Name="/libraries/Assimalign.Viu.Testing/src/">
    <Project Path="libraries/Assimalign.Viu.Testing/src/Assimalign.Viu.Testing.csproj" />
  </Folder>
  <Folder Name="/libraries/Assimalign.Viu.Testing/test/">
    <Project Path="libraries/Assimalign.Viu.Testing/test/Assimalign.Viu.Testing.Tests.csproj" />
  </Folder>
  <Folder Name="/tooling/Assimalign.Viu.Generators.Syntax.CompiledFixtureTests/test/">
    <Project Path="tooling/Assimalign.Viu.Generators.Syntax.CompiledFixtureTests/test/Assimalign.Viu.Generators.Syntax.CompiledFixtureTests.csproj" />
  </Folder>
</Solution>
