<Solution>
	<Project Path="src/Assimalign.Vue.Syntax.csproj" />
	<Project Path="test/Assimalign.Vue.Syntax.Tests.csproj" />
	<Project Path="../Assimalign.Vue.Syntax.Compiler/src/Assimalign.Vue.Syntax.Compiler.csproj" />
	<Project Path="../Assimalign.Vue.Syntax.Compiler/test/Assimalign.Vue.Syntax.Compiler.Tests.csproj" />
	<Project Path="../Assimalign.Vue.Syntax.SingleFileComponent/src/Assimalign.Vue.Syntax.SingleFileComponent.csproj" />
	<Project Path="../Assimalign.Vue.Syntax.SingleFileComponent/test/Assimalign.Vue.Syntax.SingleFileComponent.Tests.csproj" />
</Solution>
