<Solution>
	<Project Path="src/Assimalign.Viu.Generators.Syntax.csproj" />
	<Project Path="test/Assimalign.Viu.Generators.Syntax.Tests.csproj" />
	<Project Path="../../tooling/Assimalign.Viu.Compiler.SingleFileComponent/src/Assimalign.Viu.Compiler.SingleFileComponent.csproj" />
	<Project Path="../../tooling/Assimalign.Viu.Compiler.SingleFileComponent/test/Assimalign.Viu.Compiler.SingleFileComponent.Tests.csproj" />
</Solution>
