<Solution>
	<Configurations>
		<Platform Name="Any CPU" />
		<Platform Name="x64" />
		<Platform Name="x86" />
	</Configurations>
	<Folder Name="/VisualStudio/">
		<File Path="Build.ps1" />
		<File Path="EDITOR-ENHANCEMENTS.md" />
		<File Path="Marketplace.md" />
		<File Path="README.md" />
		<File Path="vs-publish.json" />
	</Folder>
	<Folder Name="/VisualStudio/Assimalign.Viu.UtilityCss.VisualStudio/">
		<File Path="Assimalign.Viu.UtilityCss.VisualStudio/Build.ps1" />
		<File Path="Assimalign.Viu.UtilityCss.VisualStudio/Marketplace.md" />
		<File Path="Assimalign.Viu.UtilityCss.VisualStudio/README.md" />
	</Folder>
	<Folder Name="/VisualStudio/Assimalign.Viu.UtilityCss.VisualStudio/src/">
		<Project Path="Assimalign.Viu.UtilityCss.VisualStudio/src/Assimalign.Viu.UtilityCss.VisualStudio.csproj" />
	</Folder>
	<Folder Name="/VisualStudio/Assimalign.Viu.UtilityCss.VisualStudio/test/">
		<Project Path="Assimalign.Viu.UtilityCss.VisualStudio/test/Assimalign.Viu.UtilityCss.VisualStudio.Tests.csproj" />
	</Folder>
	<Folder Name="/VisualStudio/Assimalign.Viu.VisualStudio/">
		<File Path="Assimalign.Viu.VisualStudio/Build.ps1" />
	</Folder>
	<Folder Name="/VisualStudio/Assimalign.Viu.VisualStudio/docs/">
		<File Path="Assimalign.Viu.VisualStudio/docs/DESIGN.md" />
	</Folder>
	<Folder Name="/VisualStudio/Assimalign.Viu.VisualStudio/src/">
		<Project Path="Assimalign.Viu.VisualStudio/src/Assimalign.Viu.VisualStudio.csproj" />
	</Folder>
	<Folder Name="/VisualStudio/Assimalign.Viu.VisualStudio/test/">
		<Project Path="Assimalign.Viu.VisualStudio/test/Assimalign.Viu.VisualStudio.Tests.csproj" />
	</Folder>
</Solution>
